
Microsoft Visual Studio Solution File, Format Version 12.00
# Visual Studio 2012
Project("{FAE04EC0-301F-11D3-BF4B-00C04F79EFBC}") = "Shceme", "Shceme.csproj", "{C021E349-132A-4548-9066-41D1920C39FC}"
EndProject
Project("{FAE04EC0-301F-11D3-BF4B-00C04F79EFBC}") = "Tests", "Tests\Tests.csproj", "{14E2A87B-61B4-4289-8211-7AA14D88BBF1}"
EndProject
Global
	GlobalSection(SolutionConfigurationPlatforms) = preSolution
		Debug|Any CPU = Debug|Any CPU
		Release|Any CPU = Release|Any CPU
	EndGlobalSection
	GlobalSection(ProjectConfigurationPlatforms) = postSolution
		{C021E349-132A-4548-9066-41D1920C39FC}.Debug|Any CPU.ActiveCfg = Debug|Any CPU
		{C021E349-132A-4548-9066-41D1920C39FC}.Debug|Any CPU.Build.0 = Debug|Any CPU
		{C021E349-132A-4548-9066-41D1920C39FC}.Release|Any CPU.ActiveCfg = Release|Any CPU
		{C021E349-132A-4548-9066-41D1920C39FC}.Release|Any CPU.Build.0 = Release|Any CPU
		{14E2A87B-61B4-4289-8211-7AA14D88BBF1}.Debug|Any CPU.ActiveCfg = Debug|Any CPU
		{14E2A87B-61B4-4289-8211-7AA14D88BBF1}.Debug|Any CPU.Build.0 = Debug|Any CPU
		{14E2A87B-61B4-4289-8211-7AA14D88BBF1}.Release|Any CPU.ActiveCfg = Release|Any CPU
		{14E2A87B-61B4-4289-8211-7AA14D88BBF1}.Release|Any CPU.Build.0 = Release|Any CPU
	EndGlobalSection
	GlobalSection(SolutionProperties) = preSolution
		HideSolutionNode = FALSE
	EndGlobalSection
EndGlobal
